
Microsoft Visual Studio Solution File, Format Version 12.00
# Visual Studio Version 17
VisualStudioVersion = 17.7.34003.232
MinimumVisualStudioVersion = 10.0.40219.1
Project("{FAE04EC0-301F-11D3-BF4B-00C04F79EFBC}") = "Lab2Cognitive", "Lab2Cognitive\Lab2Cognitive.csproj", "{35827C4B-B803-467F-A3E3-EEC067133E59}"
EndProject
Global
	GlobalSection(SolutionConfigurationPlatforms) = preSolution
		Debug|Any CPU = Debug|Any CPU
		Release|Any CPU = Release|Any CPU
	EndGlobalSection
	GlobalSection(ProjectConfigurationPlatforms) = postSolution
		{35827C4B-B803-467F-A3E3-EEC067133E59}.Debug|Any CPU.ActiveCfg = Debug|Any CPU
		{35827C4B-B803-467F-A3E3-EEC067133E59}.Debug|Any CPU.Build.0 = Debug|Any CPU
		{35827C4B-B803-467F-A3E3-EEC067133E59}.Release|Any CPU.ActiveCfg = Release|Any CPU
		{35827C4B-B803-467F-A3E3-EEC067133E59}.Release|Any CPU.Build.0 = Release|Any CPU
	EndGlobalSection
	GlobalSection(SolutionProperties) = preSolution
		HideSolutionNode = FALSE
	EndGlobalSection
	GlobalSection(ExtensibilityGlobals) = postSolution
		SolutionGuid = {424AFD5E-F1CE-4C21-9B74-87CB537E3F46}
	EndGlobalSection
EndGlobal
